PODS:
  - CocoaLumberjack (1.6.5.1):
    - CocoaLumberjack/Core
    - CocoaLumberjack/Extensions
  - CocoaLumberjack/Core (1.6.5.1)
  - CocoaLumberjack/Extensions (1.6.5.1):
    - CocoaLumberjack/Core
  - OCMock (2.2.2)

DEPENDENCIES:
  - CocoaLumberjack (~> 1.6.2)
  - OCMock (>= 2.2.1)

SPEC CHECKSUMS:
  CocoaLumberjack: 17803afbade3126a377d32b8d23367264b44ced6
  OCMock: ffba68873fd32cfd35d885bddad23bfa816da4a3

COCOAPODS: 0.29.0
